<?xml version="1.0" encoding="utf-8"?>
<Project ToolsVersion="4.0" xmlns="http://schemas.microsoft.com/developer/msbuild/2003">
  <ItemGroup>
    <ClCompile Include="..\main.cpp" />
    <ClCompile Include="..\src\Cinematic.cpp">
      <Filter>src</Filter>
    </ClCompile>
    <ClCompile Include="..\src\ConfigManager.cpp">
      <Filter>src</Filter>
    </ClCompile>
    <ClCompile Include="..\src\Drawable.cpp">
      <Filter>src</Filter>
    </ClCompile>
    <ClCompile Include="..\src\Globals.cpp">
      <Filter>src</Filter>
    </ClCompile>
    <ClCompile Include="..\src\Presenter.cpp">
      <Filter>src</Filter>
    </ClCompile>
    <ClCompile Include="..\src\World.cpp">
      <Filter>src</Filter>
    </ClCompile>
    <ClCompile Include="..\src\InputManager.cpp">
      <Filter>src</Filter>
    </ClCompile>
    <ClCompile Include="..\src\Random.cpp" />
  </ItemGroup>
  <ItemGroup>
    <ClInclude Include="..\include\Cinematic.h">
      <Filter>include</Filter>
    </ClInclude>
    <ClInclude Include="..\include\ConfigManager.h">
      <Filter>include</Filter>
    </ClInclude>
    <ClInclude Include="..\include\Farmer.h">
      <Filter>include</Filter>
    </ClInclude>
    <ClInclude Include="..\include\Drawable.h">
      <Filter>include</Filter>
    </ClInclude>
    <ClInclude Include="..\include\Globals.h">
      <Filter>include</Filter>
    </ClInclude>
    <ClInclude Include="..\include\Hole.h">
      <Filter>include</Filter>
    </ClInclude>
    <ClInclude Include="..\include\InputManager.h">
      <Filter>include</Filter>
    </ClInclude>
    <ClInclude Include="..\include\Presenter.h">
      <Filter>include</Filter>
    </ClInclude>
    <ClInclude Include="..\include\World.h">
      <Filter>include</Filter>
    </ClInclude>
    <ClInclude Include="..\include\GameState.h">
      <Filter>include</Filter>
    </ClInclude>
    <ClInclude Include="..\include\Random.h" />
  </ItemGroup>
  <ItemGroup>
    <Filter Include="include">
      <UniqueIdentifier>{844b9cc0-40a2-416a-80d9-b9e487b3fa34}</UniqueIdentifier>
    </Filter>
    <Filter Include="src">
      <UniqueIdentifier>{01fd5c7a-2dc5-4e26-b584-40e38692cc1f}</UniqueIdentifier>
    </Filter>
  </ItemGroup>
</Project>